
Microsoft Visual Studio Solution File, Format Version 12.00
Project("{FAE04EC0-301F-11D3-BF4B-00C04F79EFBC}") = "Pacman.NET", "Pacman.NET\Pacman.NET.csproj", "{8E52E4A4-B4DC-4C12-AB3B-1CB194FE47D1}"
EndProject
Project("{FAE04EC0-301F-11D3-BF4B-00C04F79EFBC}") = "Pacman.NET.Utilities", "Pacman.NET.Utilities\Pacman.NET.Utilities.csproj", "{FB638D05-4942-447D-8CAE-BAE8222797FD}"
EndProject
Project("{FAE04EC0-301F-11D3-BF4B-00C04F79EFBC}") = "Pacman.NET.IntegrationTests", "Pacman.NET.IntegrationTests\Pacman.NET.IntegrationTests.csproj", "{4B68DA01-46B2-49BA-AB92-3D113661DFCB}"
EndProject
Project("{FAE04EC0-301F-11D3-BF4B-00C04F79EFBC}") = "Pacman.NET.UnitTests", "Pacman.NET.UnitTests\Pacman.NET.UnitTests.csproj", "{29294BF2-0A54-4831-81A0-FF09352F2D1F}"
EndProject
Project("{FAE04EC0-301F-11D3-BF4B-00C04F79EFBC}") = "Pacman.NET.BlazorServer", "Pacman.NET.BlazorServer\Pacman.NET.BlazorServer.csproj", "{F071D0B0-DA22-4D48-8E23-64C487AE3B69}"
EndProject
Project("{FAE04EC0-301F-11D3-BF4B-00C04F79EFBC}") = "Pacman.NET.Client.Blazor", "Pacman.NET.Client.Blazor\Pacman.NET.Client.Blazor.csproj", "{36B7DEE5-708F-446B-84B3-B912A7CF48D7}"
EndProject
Project("{FAE04EC0-301F-11D3-BF4B-00C04F79EFBC}") = "Pacman.NET.Cli.SecureManagement", "Pacman.NET.Cli.SecureManagement\Pacman.NET.Cli.SecureManagement.csproj", "{158F723C-5CEF-4439-A4F1-C28237586A4E}"
EndProject
Project("{FAE04EC0-301F-11D3-BF4B-00C04F79EFBC}") = "Pacman.NET.ConfigurationProvider", "Pacman.NET.ConfigurationProvider\Pacman.NET.ConfigurationProvider.csproj", "{46602224-7784-4AA2-8B29-7919563FE87D}"
EndProject
Project("{FAE04EC0-301F-11D3-BF4B-00C04F79EFBC}") = "Pacman.NET.ConfigurationProvider.Tests", "Pacman.NET.ConfigurationProvider.Tests\Pacman.NET.ConfigurationProvider.Tests.csproj", "{392AF6D7-9B11-4433-972F-67611EFE827F}"
EndProject
Project("{FAE04EC0-301F-11D3-BF4B-00C04F79EFBC}") = "Pacman.NET.AbsoluteFileProviderTests", "Pacman.NET.AbsoluteFileProviderTests\Pacman.NET.AbsoluteFileProviderTests.csproj", "{ED3E37A6-7D59-47D4-8CD6-EC0BF2C01F98}"
EndProject
Project("{FAE04EC0-301F-11D3-BF4B-00C04F79EFBC}") = "Pacman.NET.AbsoluteFileProvider", "Pacman.NET.AbsoluteFileProvider\Pacman.NET.AbsoluteFileProvider.csproj", "{A19F8993-D9EF-46C8-9C72-680B0F511166}"
EndProject
Project("{FAE04EC0-301F-11D3-BF4B-00C04F79EFBC}") = "Pacman.NET.PersonalRepo", "Pacman.NET.PersonalRepo\Pacman.NET.PersonalRepo.csproj", "{1EA7380B-0AC7-42AD-8DD0-2EA1804BB0C8}"
EndProject
Project("{FAE04EC0-301F-11D3-BF4B-00C04F79EFBC}") = "Pacman.NET.Mirror", "Pacman.NET.Mirror\Pacman.NET.Mirror.csproj", "{77BD42AD-0371-4F72-B3A0-7EDC86AABF8F}"
EndProject
Global
	GlobalSection(SolutionConfigurationPlatforms) = preSolution
		Debug|Any CPU = Debug|Any CPU
		Release|Any CPU = Release|Any CPU
	EndGlobalSection
	GlobalSection(ProjectConfigurationPlatforms) = postSolution
		{8E52E4A4-B4DC-4C12-AB3B-1CB194FE47D1}.Debug|Any CPU.ActiveCfg = Debug|Any CPU
		{8E52E4A4-B4DC-4C12-AB3B-1CB194FE47D1}.Debug|Any CPU.Build.0 = Debug|Any CPU
		{8E52E4A4-B4DC-4C12-AB3B-1CB194FE47D1}.Release|Any CPU.ActiveCfg = Release|Any CPU
		{8E52E4A4-B4DC-4C12-AB3B-1CB194FE47D1}.Release|Any CPU.Build.0 = Release|Any CPU
		{FB638D05-4942-447D-8CAE-BAE8222797FD}.Debug|Any CPU.ActiveCfg = Debug|Any CPU
		{FB638D05-4942-447D-8CAE-BAE8222797FD}.Debug|Any CPU.Build.0 = Debug|Any CPU
		{FB638D05-4942-447D-8CAE-BAE8222797FD}.Release|Any CPU.ActiveCfg = Release|Any CPU
		{FB638D05-4942-447D-8CAE-BAE8222797FD}.Release|Any CPU.Build.0 = Release|Any CPU
		{4B68DA01-46B2-49BA-AB92-3D113661DFCB}.Debug|Any CPU.ActiveCfg = Debug|Any CPU
		{4B68DA01-46B2-49BA-AB92-3D113661DFCB}.Debug|Any CPU.Build.0 = Debug|Any CPU
		{4B68DA01-46B2-49BA-AB92-3D113661DFCB}.Release|Any CPU.ActiveCfg = Release|Any CPU
		{4B68DA01-46B2-49BA-AB92-3D113661DFCB}.Release|Any CPU.Build.0 = Release|Any CPU
		{29294BF2-0A54-4831-81A0-FF09352F2D1F}.Debug|Any CPU.ActiveCfg = Debug|Any CPU
		{29294BF2-0A54-4831-81A0-FF09352F2D1F}.Debug|Any CPU.Build.0 = Debug|Any CPU
		{29294BF2-0A54-4831-81A0-FF09352F2D1F}.Release|Any CPU.ActiveCfg = Release|Any CPU
		{29294BF2-0A54-4831-81A0-FF09352F2D1F}.Release|Any CPU.Build.0 = Release|Any CPU
		{F071D0B0-DA22-4D48-8E23-64C487AE3B69}.Debug|Any CPU.ActiveCfg = Debug|Any CPU
		{F071D0B0-DA22-4D48-8E23-64C487AE3B69}.Debug|Any CPU.Build.0 = Debug|Any CPU
		{F071D0B0-DA22-4D48-8E23-64C487AE3B69}.Release|Any CPU.ActiveCfg = Release|Any CPU
		{F071D0B0-DA22-4D48-8E23-64C487AE3B69}.Release|Any CPU.Build.0 = Release|Any CPU
		{36B7DEE5-708F-446B-84B3-B912A7CF48D7}.Debug|Any CPU.ActiveCfg = Debug|Any CPU
		{36B7DEE5-708F-446B-84B3-B912A7CF48D7}.Debug|Any CPU.Build.0 = Debug|Any CPU
		{36B7DEE5-708F-446B-84B3-B912A7CF48D7}.Release|Any CPU.ActiveCfg = Release|Any CPU
		{36B7DEE5-708F-446B-84B3-B912A7CF48D7}.Release|Any CPU.Build.0 = Release|Any CPU
		{158F723C-5CEF-4439-A4F1-C28237586A4E}.Debug|Any CPU.ActiveCfg = Debug|Any CPU
		{158F723C-5CEF-4439-A4F1-C28237586A4E}.Debug|Any CPU.Build.0 = Debug|Any CPU
		{158F723C-5CEF-4439-A4F1-C28237586A4E}.Release|Any CPU.ActiveCfg = Release|Any CPU
		{158F723C-5CEF-4439-A4F1-C28237586A4E}.Release|Any CPU.Build.0 = Release|Any CPU
		{46602224-7784-4AA2-8B29-7919563FE87D}.Debug|Any CPU.ActiveCfg = Debug|Any CPU
		{46602224-7784-4AA2-8B29-7919563FE87D}.Debug|Any CPU.Build.0 = Debug|Any CPU
		{46602224-7784-4AA2-8B29-7919563FE87D}.Release|Any CPU.ActiveCfg = Release|Any CPU
		{46602224-7784-4AA2-8B29-7919563FE87D}.Release|Any CPU.Build.0 = Release|Any CPU
		{392AF6D7-9B11-4433-972F-67611EFE827F}.Debug|Any CPU.ActiveCfg = Debug|Any CPU
		{392AF6D7-9B11-4433-972F-67611EFE827F}.Debug|Any CPU.Build.0 = Debug|Any CPU
		{392AF6D7-9B11-4433-972F-67611EFE827F}.Release|Any CPU.ActiveCfg = Release|Any CPU
		{392AF6D7-9B11-4433-972F-67611EFE827F}.Release|Any CPU.Build.0 = Release|Any CPU
		{ED3E37A6-7D59-47D4-8CD6-EC0BF2C01F98}.Debug|Any CPU.ActiveCfg = Debug|Any CPU
		{ED3E37A6-7D59-47D4-8CD6-EC0BF2C01F98}.Debug|Any CPU.Build.0 = Debug|Any CPU
		{ED3E37A6-7D59-47D4-8CD6-EC0BF2C01F98}.Release|Any CPU.ActiveCfg = Release|Any CPU
		{ED3E37A6-7D59-47D4-8CD6-EC0BF2C01F98}.Release|Any CPU.Build.0 = Release|Any CPU
		{A19F8993-D9EF-46C8-9C72-680B0F511166}.Debug|Any CPU.ActiveCfg = Debug|Any CPU
		{A19F8993-D9EF-46C8-9C72-680B0F511166}.Debug|Any CPU.Build.0 = Debug|Any CPU
		{A19F8993-D9EF-46C8-9C72-680B0F511166}.Release|Any CPU.ActiveCfg = Release|Any CPU
		{A19F8993-D9EF-46C8-9C72-680B0F511166}.Release|Any CPU.Build.0 = Release|Any CPU
		{1EA7380B-0AC7-42AD-8DD0-2EA1804BB0C8}.Debug|Any CPU.ActiveCfg = Debug|Any CPU
		{1EA7380B-0AC7-42AD-8DD0-2EA1804BB0C8}.Debug|Any CPU.Build.0 = Debug|Any CPU
		{1EA7380B-0AC7-42AD-8DD0-2EA1804BB0C8}.Release|Any CPU.ActiveCfg = Release|Any CPU
		{1EA7380B-0AC7-42AD-8DD0-2EA1804BB0C8}.Release|Any CPU.Build.0 = Release|Any CPU
		{77BD42AD-0371-4F72-B3A0-7EDC86AABF8F}.Debug|Any CPU.ActiveCfg = Debug|Any CPU
		{77BD42AD-0371-4F72-B3A0-7EDC86AABF8F}.Debug|Any CPU.Build.0 = Debug|Any CPU
		{77BD42AD-0371-4F72-B3A0-7EDC86AABF8F}.Release|Any CPU.ActiveCfg = Release|Any CPU
		{77BD42AD-0371-4F72-B3A0-7EDC86AABF8F}.Release|Any CPU.Build.0 = Release|Any CPU
	EndGlobalSection
EndGlobal
