
Microsoft Visual Studio Solution File, Format Version 12.00
Project("{FAE04EC0-301F-11D3-BF4B-00C04F79EFBC}") = "Pacman.NET", "Pacman.NET\Pacman.NET.csproj", "{8E52E4A4-B4DC-4C12-AB3B-1CB194FE47D1}"
EndProject
Project("{FAE04EC0-301F-11D3-BF4B-00C04F79EFBC}") = "Pacman.NET.Utilities", "Pacman.NET.Utilities\Pacman.NET.Utilities.csproj", "{FB638D05-4942-447D-8CAE-BAE8222797FD}"
EndProject
Project("{FAE04EC0-301F-11D3-BF4B-00C04F79EFBC}") = "Pacman.NET.IntegrationTests", "Pacman.NET.IntegrationTests\Pacman.NET.IntegrationTests.csproj", "{4B68DA01-46B2-49BA-AB92-3D113661DFCB}"
EndProject
Project("{FAE04EC0-301F-11D3-BF4B-00C04F79EFBC}") = "Pacman.NET.UnitTests", "Pacman.NET.UnitTests\Pacman.NET.UnitTests.csproj", "{29294BF2-0A54-4831-81A0-FF09352F2D1F}"
EndProject
Project("{FAE04EC0-301F-11D3-BF4B-00C04F79EFBC}") = "Pacman.NET.Cli.SecureManagement", "Pacman.NET.Cli.SecureManagement\Pacman.NET.Cli.SecureManagement.csproj", "{158F723C-5CEF-4439-A4F1-C28237586A4E}"
EndProject
Project("{FAE04EC0-301F-11D3-BF4B-00C04F79EFBC}") = "Pacman.NET.ConfigurationProvider", "Pacman.NET.ConfigurationProvider\Pacman.NET.ConfigurationProvider.csproj", "{46602224-7784-4AA2-8B29-7919563FE87D}"
EndProject
Project("{FAE04EC0-301F-11D3-BF4B-00C04F79EFBC}") = "Pacman.NET.ConfigurationProvider.Tests", "Pacman.NET.ConfigurationProvider.Tests\Pacman.NET.ConfigurationProvider.Tests.csproj", "{392AF6D7-9B11-4433-972F-67611EFE827F}"
EndProject
Project("{FAE04EC0-301F-11D3-BF4B-00C04F79EFBC}") = "Pacman.NET.AbsoluteFileProviderTests", "Pacman.NET.AbsoluteFileProviderTests\Pacman.NET.AbsoluteFileProviderTests.csproj", "{ED3E37A6-7D59-47D4-8CD6-EC0BF2C01F98}"
EndProject
Project("{FAE04EC0-301F-11D3-BF4B-00C04F79EFBC}") = "Pacman.NET.AbsoluteFileProvider", "Pacman.NET.AbsoluteFileProvider\Pacman.NET.AbsoluteFileProvider.csproj", "{A19F8993-D9EF-46C8-9C72-680B0F511166}"
EndProject
Project("{FAE04EC0-301F-11D3-BF4B-00C04F79EFBC}") = "Pacman.NET.Mirror", "Pacman.NET.Mirror\Pacman.NET.Mirror.csproj", "{77BD42AD-0371-4F72-B3A0-7EDC86AABF8F}"
EndProject
Project("{FAE04EC0-301F-11D3-BF4B-00C04F79EFBC}") = "Benchmarks", "Benchmarks\Benchmarks.csproj", "{170F3FA0-83F5-44D8-B9AE-CA83120DB4A5}"
EndProject
Project("{FAE04EC0-301F-11D3-BF4B-00C04F79EFBC}") = "PackageSigning", "PackageSigning\PackageSigning.csproj", "{C61EDC0A-8608-416C-8F4B-A34760B8FA3F}"
EndProject
Project("{FAE04EC0-301F-11D3-BF4B-00C04F79EFBC}") = "Pacman.Extensions.FileProviders", "Pacman.Extensions.FileProviders\Pacman.Extensions.FileProviders.csproj", "{415EA8C1-1343-4AB5-932B-7412D36874CD}"
EndProject
Project("{FAE04EC0-301F-11D3-BF4B-00C04F79EFBC}") = "PackageCodeGenerator", "PackageCodeGenerator\PackageCodeGenerator.csproj", "{6BFA9DA5-3AEA-4850-9665-A1DBD8352AF9}"
EndProject
Project("{FAE04EC0-301F-11D3-BF4B-00C04F79EFBC}") = "PackageGenerator", "PackageGenerator\PackageGenerator\PackageGenerator.csproj", "{A788910D-8222-4D51-9671-4425D0D5409D}"
EndProject
Project("{FAE04EC0-301F-11D3-BF4B-00C04F79EFBC}") = "PackageGenerator.Sample", "PackageGenerator\PackageGenerator.Sample\PackageGenerator.Sample.csproj", "{1493C4CD-02E0-4311-BCB1-D34A569219C8}"
EndProject
Project("{FAE04EC0-301F-11D3-BF4B-00C04F79EFBC}") = "PackageGenerator.Tests", "PackageGenerator\PackageGenerator.Tests\PackageGenerator.Tests.csproj", "{E9CE155F-835B-41B9-A33F-63D6450C45FC}"
EndProject
Project("{FAE04EC0-301F-11D3-BF4B-00C04F79EFBC}") = "PackageCliGenerator", "PackageCliGenerator\PackageCliGenerator.csproj", "{3B4BC99F-571A-41DE-8FBE-A908BA785114}"
EndProject
Project("{2150E333-8FDC-42A3-9474-1A3956D46DE8}") = "Solution Items", "Solution Items", "{526A3890-703E-4767-B1CC-8281F9AD2F57}"
	ProjectSection(SolutionItems) = preProject
		compose.yaml = compose.yaml
	EndProjectSection
EndProject
Global
	GlobalSection(SolutionConfigurationPlatforms) = preSolution
		Debug|Any CPU = Debug|Any CPU
		Debug|x64 = Debug|x64
		Debug|x86 = Debug|x86
		Release|Any CPU = Release|Any CPU
		Release|x64 = Release|x64
		Release|x86 = Release|x86
	EndGlobalSection
	GlobalSection(ProjectConfigurationPlatforms) = postSolution
		{8E52E4A4-B4DC-4C12-AB3B-1CB194FE47D1}.Debug|Any CPU.ActiveCfg = Debug|Any CPU
		{8E52E4A4-B4DC-4C12-AB3B-1CB194FE47D1}.Debug|Any CPU.Build.0 = Debug|Any CPU
		{8E52E4A4-B4DC-4C12-AB3B-1CB194FE47D1}.Debug|x64.ActiveCfg = Debug|Any CPU
		{8E52E4A4-B4DC-4C12-AB3B-1CB194FE47D1}.Debug|x64.Build.0 = Debug|Any CPU
		{8E52E4A4-B4DC-4C12-AB3B-1CB194FE47D1}.Debug|x86.ActiveCfg = Debug|Any CPU
		{8E52E4A4-B4DC-4C12-AB3B-1CB194FE47D1}.Debug|x86.Build.0 = Debug|Any CPU
		{8E52E4A4-B4DC-4C12-AB3B-1CB194FE47D1}.Release|Any CPU.ActiveCfg = Release|Any CPU
		{8E52E4A4-B4DC-4C12-AB3B-1CB194FE47D1}.Release|Any CPU.Build.0 = Release|Any CPU
		{8E52E4A4-B4DC-4C12-AB3B-1CB194FE47D1}.Release|x64.ActiveCfg = Release|Any CPU
		{8E52E4A4-B4DC-4C12-AB3B-1CB194FE47D1}.Release|x64.Build.0 = Release|Any CPU
		{8E52E4A4-B4DC-4C12-AB3B-1CB194FE47D1}.Release|x86.ActiveCfg = Release|Any CPU
		{8E52E4A4-B4DC-4C12-AB3B-1CB194FE47D1}.Release|x86.Build.0 = Release|Any CPU
		{FB638D05-4942-447D-8CAE-BAE8222797FD}.Debug|Any CPU.ActiveCfg = Debug|Any CPU
		{FB638D05-4942-447D-8CAE-BAE8222797FD}.Debug|Any CPU.Build.0 = Debug|Any CPU
		{FB638D05-4942-447D-8CAE-BAE8222797FD}.Debug|x64.ActiveCfg = Debug|Any CPU
		{FB638D05-4942-447D-8CAE-BAE8222797FD}.Debug|x64.Build.0 = Debug|Any CPU
		{FB638D05-4942-447D-8CAE-BAE8222797FD}.Debug|x86.ActiveCfg = Debug|Any CPU
		{FB638D05-4942-447D-8CAE-BAE8222797FD}.Debug|x86.Build.0 = Debug|Any CPU
		{FB638D05-4942-447D-8CAE-BAE8222797FD}.Release|Any CPU.ActiveCfg = Release|Any CPU
		{FB638D05-4942-447D-8CAE-BAE8222797FD}.Release|Any CPU.Build.0 = Release|Any CPU
		{FB638D05-4942-447D-8CAE-BAE8222797FD}.Release|x64.ActiveCfg = Release|Any CPU
		{FB638D05-4942-447D-8CAE-BAE8222797FD}.Release|x64.Build.0 = Release|Any CPU
		{FB638D05-4942-447D-8CAE-BAE8222797FD}.Release|x86.ActiveCfg = Release|Any CPU
		{FB638D05-4942-447D-8CAE-BAE8222797FD}.Release|x86.Build.0 = Release|Any CPU
		{4B68DA01-46B2-49BA-AB92-3D113661DFCB}.Debug|Any CPU.ActiveCfg = Debug|Any CPU
		{4B68DA01-46B2-49BA-AB92-3D113661DFCB}.Debug|Any CPU.Build.0 = Debug|Any CPU
		{4B68DA01-46B2-49BA-AB92-3D113661DFCB}.Debug|x64.ActiveCfg = Debug|Any CPU
		{4B68DA01-46B2-49BA-AB92-3D113661DFCB}.Debug|x64.Build.0 = Debug|Any CPU
		{4B68DA01-46B2-49BA-AB92-3D113661DFCB}.Debug|x86.ActiveCfg = Debug|Any CPU
		{4B68DA01-46B2-49BA-AB92-3D113661DFCB}.Debug|x86.Build.0 = Debug|Any CPU
		{4B68DA01-46B2-49BA-AB92-3D113661DFCB}.Release|Any CPU.ActiveCfg = Release|Any CPU
		{4B68DA01-46B2-49BA-AB92-3D113661DFCB}.Release|Any CPU.Build.0 = Release|Any CPU
		{4B68DA01-46B2-49BA-AB92-3D113661DFCB}.Release|x64.ActiveCfg = Release|Any CPU
		{4B68DA01-46B2-49BA-AB92-3D113661DFCB}.Release|x64.Build.0 = Release|Any CPU
		{4B68DA01-46B2-49BA-AB92-3D113661DFCB}.Release|x86.ActiveCfg = Release|Any CPU
		{4B68DA01-46B2-49BA-AB92-3D113661DFCB}.Release|x86.Build.0 = Release|Any CPU
		{29294BF2-0A54-4831-81A0-FF09352F2D1F}.Debug|Any CPU.ActiveCfg = Debug|Any CPU
		{29294BF2-0A54-4831-81A0-FF09352F2D1F}.Debug|Any CPU.Build.0 = Debug|Any CPU
		{29294BF2-0A54-4831-81A0-FF09352F2D1F}.Debug|x64.ActiveCfg = Debug|Any CPU
		{29294BF2-0A54-4831-81A0-FF09352F2D1F}.Debug|x64.Build.0 = Debug|Any CPU
		{29294BF2-0A54-4831-81A0-FF09352F2D1F}.Debug|x86.ActiveCfg = Debug|Any CPU
		{29294BF2-0A54-4831-81A0-FF09352F2D1F}.Debug|x86.Build.0 = Debug|Any CPU
		{29294BF2-0A54-4831-81A0-FF09352F2D1F}.Release|Any CPU.ActiveCfg = Release|Any CPU
		{29294BF2-0A54-4831-81A0-FF09352F2D1F}.Release|Any CPU.Build.0 = Release|Any CPU
		{29294BF2-0A54-4831-81A0-FF09352F2D1F}.Release|x64.ActiveCfg = Release|Any CPU
		{29294BF2-0A54-4831-81A0-FF09352F2D1F}.Release|x64.Build.0 = Release|Any CPU
		{29294BF2-0A54-4831-81A0-FF09352F2D1F}.Release|x86.ActiveCfg = Release|Any CPU
		{29294BF2-0A54-4831-81A0-FF09352F2D1F}.Release|x86.Build.0 = Release|Any CPU
		{158F723C-5CEF-4439-A4F1-C28237586A4E}.Debug|Any CPU.ActiveCfg = Debug|Any CPU
		{158F723C-5CEF-4439-A4F1-C28237586A4E}.Debug|Any CPU.Build.0 = Debug|Any CPU
		{158F723C-5CEF-4439-A4F1-C28237586A4E}.Debug|x64.ActiveCfg = Debug|Any CPU
		{158F723C-5CEF-4439-A4F1-C28237586A4E}.Debug|x64.Build.0 = Debug|Any CPU
		{158F723C-5CEF-4439-A4F1-C28237586A4E}.Debug|x86.ActiveCfg = Debug|Any CPU
		{158F723C-5CEF-4439-A4F1-C28237586A4E}.Debug|x86.Build.0 = Debug|Any CPU
		{158F723C-5CEF-4439-A4F1-C28237586A4E}.Release|Any CPU.ActiveCfg = Release|Any CPU
		{158F723C-5CEF-4439-A4F1-C28237586A4E}.Release|Any CPU.Build.0 = Release|Any CPU
		{158F723C-5CEF-4439-A4F1-C28237586A4E}.Release|x64.ActiveCfg = Release|Any CPU
		{158F723C-5CEF-4439-A4F1-C28237586A4E}.Release|x64.Build.0 = Release|Any CPU
		{158F723C-5CEF-4439-A4F1-C28237586A4E}.Release|x86.ActiveCfg = Release|Any CPU
		{158F723C-5CEF-4439-A4F1-C28237586A4E}.Release|x86.Build.0 = Release|Any CPU
		{46602224-7784-4AA2-8B29-7919563FE87D}.Debug|Any CPU.ActiveCfg = Debug|Any CPU
		{46602224-7784-4AA2-8B29-7919563FE87D}.Debug|Any CPU.Build.0 = Debug|Any CPU
		{46602224-7784-4AA2-8B29-7919563FE87D}.Debug|x64.ActiveCfg = Debug|Any CPU
		{46602224-7784-4AA2-8B29-7919563FE87D}.Debug|x64.Build.0 = Debug|Any CPU
		{46602224-7784-4AA2-8B29-7919563FE87D}.Debug|x86.ActiveCfg = Debug|Any CPU
		{46602224-7784-4AA2-8B29-7919563FE87D}.Debug|x86.Build.0 = Debug|Any CPU
		{46602224-7784-4AA2-8B29-7919563FE87D}.Release|Any CPU.ActiveCfg = Release|Any CPU
		{46602224-7784-4AA2-8B29-7919563FE87D}.Release|Any CPU.Build.0 = Release|Any CPU
		{46602224-7784-4AA2-8B29-7919563FE87D}.Release|x64.ActiveCfg = Release|Any CPU
		{46602224-7784-4AA2-8B29-7919563FE87D}.Release|x64.Build.0 = Release|Any CPU
		{46602224-7784-4AA2-8B29-7919563FE87D}.Release|x86.ActiveCfg = Release|Any CPU
		{46602224-7784-4AA2-8B29-7919563FE87D}.Release|x86.Build.0 = Release|Any CPU
		{392AF6D7-9B11-4433-972F-67611EFE827F}.Debug|Any CPU.ActiveCfg = Debug|Any CPU
		{392AF6D7-9B11-4433-972F-67611EFE827F}.Debug|Any CPU.Build.0 = Debug|Any CPU
		{392AF6D7-9B11-4433-972F-67611EFE827F}.Debug|x64.ActiveCfg = Debug|Any CPU
		{392AF6D7-9B11-4433-972F-67611EFE827F}.Debug|x64.Build.0 = Debug|Any CPU
		{392AF6D7-9B11-4433-972F-67611EFE827F}.Debug|x86.ActiveCfg = Debug|Any CPU
		{392AF6D7-9B11-4433-972F-67611EFE827F}.Debug|x86.Build.0 = Debug|Any CPU
		{392AF6D7-9B11-4433-972F-67611EFE827F}.Release|Any CPU.ActiveCfg = Release|Any CPU
		{392AF6D7-9B11-4433-972F-67611EFE827F}.Release|Any CPU.Build.0 = Release|Any CPU
		{392AF6D7-9B11-4433-972F-67611EFE827F}.Release|x64.ActiveCfg = Release|Any CPU
		{392AF6D7-9B11-4433-972F-67611EFE827F}.Release|x64.Build.0 = Release|Any CPU
		{392AF6D7-9B11-4433-972F-67611EFE827F}.Release|x86.ActiveCfg = Release|Any CPU
		{392AF6D7-9B11-4433-972F-67611EFE827F}.Release|x86.Build.0 = Release|Any CPU
		{ED3E37A6-7D59-47D4-8CD6-EC0BF2C01F98}.Debug|Any CPU.ActiveCfg = Debug|Any CPU
		{ED3E37A6-7D59-47D4-8CD6-EC0BF2C01F98}.Debug|Any CPU.Build.0 = Debug|Any CPU
		{ED3E37A6-7D59-47D4-8CD6-EC0BF2C01F98}.Debug|x64.ActiveCfg = Debug|Any CPU
		{ED3E37A6-7D59-47D4-8CD6-EC0BF2C01F98}.Debug|x64.Build.0 = Debug|Any CPU
		{ED3E37A6-7D59-47D4-8CD6-EC0BF2C01F98}.Debug|x86.ActiveCfg = Debug|Any CPU
		{ED3E37A6-7D59-47D4-8CD6-EC0BF2C01F98}.Debug|x86.Build.0 = Debug|Any CPU
		{ED3E37A6-7D59-47D4-8CD6-EC0BF2C01F98}.Release|Any CPU.ActiveCfg = Release|Any CPU
		{ED3E37A6-7D59-47D4-8CD6-EC0BF2C01F98}.Release|Any CPU.Build.0 = Release|Any CPU
		{ED3E37A6-7D59-47D4-8CD6-EC0BF2C01F98}.Release|x64.ActiveCfg = Release|Any CPU
		{ED3E37A6-7D59-47D4-8CD6-EC0BF2C01F98}.Release|x64.Build.0 = Release|Any CPU
		{ED3E37A6-7D59-47D4-8CD6-EC0BF2C01F98}.Release|x86.ActiveCfg = Release|Any CPU
		{ED3E37A6-7D59-47D4-8CD6-EC0BF2C01F98}.Release|x86.Build.0 = Release|Any CPU
		{A19F8993-D9EF-46C8-9C72-680B0F511166}.Debug|Any CPU.ActiveCfg = Debug|Any CPU
		{A19F8993-D9EF-46C8-9C72-680B0F511166}.Debug|Any CPU.Build.0 = Debug|Any CPU
		{A19F8993-D9EF-46C8-9C72-680B0F511166}.Debug|x64.ActiveCfg = Debug|Any CPU
		{A19F8993-D9EF-46C8-9C72-680B0F511166}.Debug|x64.Build.0 = Debug|Any CPU
		{A19F8993-D9EF-46C8-9C72-680B0F511166}.Debug|x86.ActiveCfg = Debug|Any CPU
		{A19F8993-D9EF-46C8-9C72-680B0F511166}.Debug|x86.Build.0 = Debug|Any CPU
		{A19F8993-D9EF-46C8-9C72-680B0F511166}.Release|Any CPU.ActiveCfg = Release|Any CPU
		{A19F8993-D9EF-46C8-9C72-680B0F511166}.Release|Any CPU.Build.0 = Release|Any CPU
		{A19F8993-D9EF-46C8-9C72-680B0F511166}.Release|x64.ActiveCfg = Release|Any CPU
		{A19F8993-D9EF-46C8-9C72-680B0F511166}.Release|x64.Build.0 = Release|Any CPU
		{A19F8993-D9EF-46C8-9C72-680B0F511166}.Release|x86.ActiveCfg = Release|Any CPU
		{A19F8993-D9EF-46C8-9C72-680B0F511166}.Release|x86.Build.0 = Release|Any CPU
		{77BD42AD-0371-4F72-B3A0-7EDC86AABF8F}.Debug|Any CPU.ActiveCfg = Debug|Any CPU
		{77BD42AD-0371-4F72-B3A0-7EDC86AABF8F}.Debug|Any CPU.Build.0 = Debug|Any CPU
		{77BD42AD-0371-4F72-B3A0-7EDC86AABF8F}.Debug|x64.ActiveCfg = Debug|Any CPU
		{77BD42AD-0371-4F72-B3A0-7EDC86AABF8F}.Debug|x64.Build.0 = Debug|Any CPU
		{77BD42AD-0371-4F72-B3A0-7EDC86AABF8F}.Debug|x86.ActiveCfg = Debug|Any CPU
		{77BD42AD-0371-4F72-B3A0-7EDC86AABF8F}.Debug|x86.Build.0 = Debug|Any CPU
		{77BD42AD-0371-4F72-B3A0-7EDC86AABF8F}.Release|Any CPU.ActiveCfg = Release|Any CPU
		{77BD42AD-0371-4F72-B3A0-7EDC86AABF8F}.Release|Any CPU.Build.0 = Release|Any CPU
		{77BD42AD-0371-4F72-B3A0-7EDC86AABF8F}.Release|x64.ActiveCfg = Release|Any CPU
		{77BD42AD-0371-4F72-B3A0-7EDC86AABF8F}.Release|x64.Build.0 = Release|Any CPU
		{77BD42AD-0371-4F72-B3A0-7EDC86AABF8F}.Release|x86.ActiveCfg = Release|Any CPU
		{77BD42AD-0371-4F72-B3A0-7EDC86AABF8F}.Release|x86.Build.0 = Release|Any CPU
		{170F3FA0-83F5-44D8-B9AE-CA83120DB4A5}.Debug|Any CPU.ActiveCfg = Debug|Any CPU
		{170F3FA0-83F5-44D8-B9AE-CA83120DB4A5}.Debug|Any CPU.Build.0 = Debug|Any CPU
		{170F3FA0-83F5-44D8-B9AE-CA83120DB4A5}.Debug|x64.ActiveCfg = Debug|Any CPU
		{170F3FA0-83F5-44D8-B9AE-CA83120DB4A5}.Debug|x64.Build.0 = Debug|Any CPU
		{170F3FA0-83F5-44D8-B9AE-CA83120DB4A5}.Debug|x86.ActiveCfg = Debug|Any CPU
		{170F3FA0-83F5-44D8-B9AE-CA83120DB4A5}.Debug|x86.Build.0 = Debug|Any CPU
		{170F3FA0-83F5-44D8-B9AE-CA83120DB4A5}.Release|Any CPU.ActiveCfg = Release|Any CPU
		{170F3FA0-83F5-44D8-B9AE-CA83120DB4A5}.Release|Any CPU.Build.0 = Release|Any CPU
		{170F3FA0-83F5-44D8-B9AE-CA83120DB4A5}.Release|x64.ActiveCfg = Release|Any CPU
		{170F3FA0-83F5-44D8-B9AE-CA83120DB4A5}.Release|x64.Build.0 = Release|Any CPU
		{170F3FA0-83F5-44D8-B9AE-CA83120DB4A5}.Release|x86.ActiveCfg = Release|Any CPU
		{170F3FA0-83F5-44D8-B9AE-CA83120DB4A5}.Release|x86.Build.0 = Release|Any CPU
		{C61EDC0A-8608-416C-8F4B-A34760B8FA3F}.Debug|Any CPU.ActiveCfg = Debug|Any CPU
		{C61EDC0A-8608-416C-8F4B-A34760B8FA3F}.Debug|Any CPU.Build.0 = Debug|Any CPU
		{C61EDC0A-8608-416C-8F4B-A34760B8FA3F}.Debug|x64.ActiveCfg = Debug|Any CPU
		{C61EDC0A-8608-416C-8F4B-A34760B8FA3F}.Debug|x64.Build.0 = Debug|Any CPU
		{C61EDC0A-8608-416C-8F4B-A34760B8FA3F}.Debug|x86.ActiveCfg = Debug|Any CPU
		{C61EDC0A-8608-416C-8F4B-A34760B8FA3F}.Debug|x86.Build.0 = Debug|Any CPU
		{C61EDC0A-8608-416C-8F4B-A34760B8FA3F}.Release|Any CPU.ActiveCfg = Release|Any CPU
		{C61EDC0A-8608-416C-8F4B-A34760B8FA3F}.Release|Any CPU.Build.0 = Release|Any CPU
		{C61EDC0A-8608-416C-8F4B-A34760B8FA3F}.Release|x64.ActiveCfg = Release|Any CPU
		{C61EDC0A-8608-416C-8F4B-A34760B8FA3F}.Release|x64.Build.0 = Release|Any CPU
		{C61EDC0A-8608-416C-8F4B-A34760B8FA3F}.Release|x86.ActiveCfg = Release|Any CPU
		{C61EDC0A-8608-416C-8F4B-A34760B8FA3F}.Release|x86.Build.0 = Release|Any CPU
		{415EA8C1-1343-4AB5-932B-7412D36874CD}.Debug|Any CPU.ActiveCfg = Debug|Any CPU
		{415EA8C1-1343-4AB5-932B-7412D36874CD}.Debug|Any CPU.Build.0 = Debug|Any CPU
		{415EA8C1-1343-4AB5-932B-7412D36874CD}.Debug|x64.ActiveCfg = Debug|Any CPU
		{415EA8C1-1343-4AB5-932B-7412D36874CD}.Debug|x64.Build.0 = Debug|Any CPU
		{415EA8C1-1343-4AB5-932B-7412D36874CD}.Debug|x86.ActiveCfg = Debug|Any CPU
		{415EA8C1-1343-4AB5-932B-7412D36874CD}.Debug|x86.Build.0 = Debug|Any CPU
		{415EA8C1-1343-4AB5-932B-7412D36874CD}.Release|Any CPU.ActiveCfg = Release|Any CPU
		{415EA8C1-1343-4AB5-932B-7412D36874CD}.Release|Any CPU.Build.0 = Release|Any CPU
		{415EA8C1-1343-4AB5-932B-7412D36874CD}.Release|x64.ActiveCfg = Release|Any CPU
		{415EA8C1-1343-4AB5-932B-7412D36874CD}.Release|x64.Build.0 = Release|Any CPU
		{415EA8C1-1343-4AB5-932B-7412D36874CD}.Release|x86.ActiveCfg = Release|Any CPU
		{415EA8C1-1343-4AB5-932B-7412D36874CD}.Release|x86.Build.0 = Release|Any CPU
		{6BFA9DA5-3AEA-4850-9665-A1DBD8352AF9}.Debug|Any CPU.ActiveCfg = Debug|Any CPU
		{6BFA9DA5-3AEA-4850-9665-A1DBD8352AF9}.Debug|Any CPU.Build.0 = Debug|Any CPU
		{6BFA9DA5-3AEA-4850-9665-A1DBD8352AF9}.Debug|x64.ActiveCfg = Debug|Any CPU
		{6BFA9DA5-3AEA-4850-9665-A1DBD8352AF9}.Debug|x64.Build.0 = Debug|Any CPU
		{6BFA9DA5-3AEA-4850-9665-A1DBD8352AF9}.Debug|x86.ActiveCfg = Debug|Any CPU
		{6BFA9DA5-3AEA-4850-9665-A1DBD8352AF9}.Debug|x86.Build.0 = Debug|Any CPU
		{6BFA9DA5-3AEA-4850-9665-A1DBD8352AF9}.Release|Any CPU.ActiveCfg = Release|Any CPU
		{6BFA9DA5-3AEA-4850-9665-A1DBD8352AF9}.Release|Any CPU.Build.0 = Release|Any CPU
		{6BFA9DA5-3AEA-4850-9665-A1DBD8352AF9}.Release|x64.ActiveCfg = Release|Any CPU
		{6BFA9DA5-3AEA-4850-9665-A1DBD8352AF9}.Release|x64.Build.0 = Release|Any CPU
		{6BFA9DA5-3AEA-4850-9665-A1DBD8352AF9}.Release|x86.ActiveCfg = Release|Any CPU
		{6BFA9DA5-3AEA-4850-9665-A1DBD8352AF9}.Release|x86.Build.0 = Release|Any CPU
		{A788910D-8222-4D51-9671-4425D0D5409D}.Debug|Any CPU.ActiveCfg = Debug|Any CPU
		{A788910D-8222-4D51-9671-4425D0D5409D}.Debug|Any CPU.Build.0 = Debug|Any CPU
		{A788910D-8222-4D51-9671-4425D0D5409D}.Debug|x64.ActiveCfg = Debug|Any CPU
		{A788910D-8222-4D51-9671-4425D0D5409D}.Debug|x64.Build.0 = Debug|Any CPU
		{A788910D-8222-4D51-9671-4425D0D5409D}.Debug|x86.ActiveCfg = Debug|Any CPU
		{A788910D-8222-4D51-9671-4425D0D5409D}.Debug|x86.Build.0 = Debug|Any CPU
		{A788910D-8222-4D51-9671-4425D0D5409D}.Release|Any CPU.ActiveCfg = Release|Any CPU
		{A788910D-8222-4D51-9671-4425D0D5409D}.Release|Any CPU.Build.0 = Release|Any CPU
		{A788910D-8222-4D51-9671-4425D0D5409D}.Release|x64.ActiveCfg = Release|Any CPU
		{A788910D-8222-4D51-9671-4425D0D5409D}.Release|x64.Build.0 = Release|Any CPU
		{A788910D-8222-4D51-9671-4425D0D5409D}.Release|x86.ActiveCfg = Release|Any CPU
		{A788910D-8222-4D51-9671-4425D0D5409D}.Release|x86.Build.0 = Release|Any CPU
		{1493C4CD-02E0-4311-BCB1-D34A569219C8}.Debug|Any CPU.ActiveCfg = Debug|Any CPU
		{1493C4CD-02E0-4311-BCB1-D34A569219C8}.Debug|Any CPU.Build.0 = Debug|Any CPU
		{1493C4CD-02E0-4311-BCB1-D34A569219C8}.Debug|x64.ActiveCfg = Debug|Any CPU
		{1493C4CD-02E0-4311-BCB1-D34A569219C8}.Debug|x64.Build.0 = Debug|Any CPU
		{1493C4CD-02E0-4311-BCB1-D34A569219C8}.Debug|x86.ActiveCfg = Debug|Any CPU
		{1493C4CD-02E0-4311-BCB1-D34A569219C8}.Debug|x86.Build.0 = Debug|Any CPU
		{1493C4CD-02E0-4311-BCB1-D34A569219C8}.Release|Any CPU.ActiveCfg = Release|Any CPU
		{1493C4CD-02E0-4311-BCB1-D34A569219C8}.Release|Any CPU.Build.0 = Release|Any CPU
		{1493C4CD-02E0-4311-BCB1-D34A569219C8}.Release|x64.ActiveCfg = Release|Any CPU
		{1493C4CD-02E0-4311-BCB1-D34A569219C8}.Release|x64.Build.0 = Release|Any CPU
		{1493C4CD-02E0-4311-BCB1-D34A569219C8}.Release|x86.ActiveCfg = Release|Any CPU
		{1493C4CD-02E0-4311-BCB1-D34A569219C8}.Release|x86.Build.0 = Release|Any CPU
		{E9CE155F-835B-41B9-A33F-63D6450C45FC}.Debug|Any CPU.ActiveCfg = Debug|Any CPU
		{E9CE155F-835B-41B9-A33F-63D6450C45FC}.Debug|Any CPU.Build.0 = Debug|Any CPU
		{E9CE155F-835B-41B9-A33F-63D6450C45FC}.Debug|x64.ActiveCfg = Debug|Any CPU
		{E9CE155F-835B-41B9-A33F-63D6450C45FC}.Debug|x64.Build.0 = Debug|Any CPU
		{E9CE155F-835B-41B9-A33F-63D6450C45FC}.Debug|x86.ActiveCfg = Debug|Any CPU
		{E9CE155F-835B-41B9-A33F-63D6450C45FC}.Debug|x86.Build.0 = Debug|Any CPU
		{E9CE155F-835B-41B9-A33F-63D6450C45FC}.Release|Any CPU.ActiveCfg = Release|Any CPU
		{E9CE155F-835B-41B9-A33F-63D6450C45FC}.Release|Any CPU.Build.0 = Release|Any CPU
		{E9CE155F-835B-41B9-A33F-63D6450C45FC}.Release|x64.ActiveCfg = Release|Any CPU
		{E9CE155F-835B-41B9-A33F-63D6450C45FC}.Release|x64.Build.0 = Release|Any CPU
		{E9CE155F-835B-41B9-A33F-63D6450C45FC}.Release|x86.ActiveCfg = Release|Any CPU
		{E9CE155F-835B-41B9-A33F-63D6450C45FC}.Release|x86.Build.0 = Release|Any CPU
		{3B4BC99F-571A-41DE-8FBE-A908BA785114}.Debug|Any CPU.ActiveCfg = Debug|Any CPU
		{3B4BC99F-571A-41DE-8FBE-A908BA785114}.Debug|Any CPU.Build.0 = Debug|Any CPU
		{3B4BC99F-571A-41DE-8FBE-A908BA785114}.Debug|x64.ActiveCfg = Debug|Any CPU
		{3B4BC99F-571A-41DE-8FBE-A908BA785114}.Debug|x64.Build.0 = Debug|Any CPU
		{3B4BC99F-571A-41DE-8FBE-A908BA785114}.Debug|x86.ActiveCfg = Debug|Any CPU
		{3B4BC99F-571A-41DE-8FBE-A908BA785114}.Debug|x86.Build.0 = Debug|Any CPU
		{3B4BC99F-571A-41DE-8FBE-A908BA785114}.Release|Any CPU.ActiveCfg = Release|Any CPU
		{3B4BC99F-571A-41DE-8FBE-A908BA785114}.Release|Any CPU.Build.0 = Release|Any CPU
		{3B4BC99F-571A-41DE-8FBE-A908BA785114}.Release|x64.ActiveCfg = Release|Any CPU
		{3B4BC99F-571A-41DE-8FBE-A908BA785114}.Release|x64.Build.0 = Release|Any CPU
		{3B4BC99F-571A-41DE-8FBE-A908BA785114}.Release|x86.ActiveCfg = Release|Any CPU
		{3B4BC99F-571A-41DE-8FBE-A908BA785114}.Release|x86.Build.0 = Release|Any CPU
	EndGlobalSection
	GlobalSection(SolutionProperties) = preSolution
		HideSolutionNode = FALSE
	EndGlobalSection
EndGlobal
